
Microsoft Visual Studio Solution File, Format Version 12.00
# Visual Studio 2013
VisualStudioVersion = 12.0.30324.0
MinimumVisualStudioVersion = 10.0.40219.1
Project("{FAE04EC0-301F-11D3-BF4B-00C04F79EFBC}") = "SportStore.Domain", "SportStore.Domain\SportStore.Domain.csproj", "{FDBA7B2B-E972-4E49-9BED-95B9E62129AD}"
EndProject
Project("{FAE04EC0-301F-11D3-BF4B-00C04F79EFBC}") = "SportStore.WebUI", "SportStore.WebUI\SportStore.WebUI.csproj", "{3F018F41-A482-4384-9305-09F54AC572C4}"
EndProject
Project("{FAE04EC0-301F-11D3-BF4B-00C04F79EFBC}") = "SportStore.UnitTests", "SportStore.UnitTests\SportStore.UnitTests.csproj", "{339633D2-1913-4A2C-A73E-0BC418098B37}"
EndProject
Global
	GlobalSection(SolutionConfigurationPlatforms) = preSolution
		Debug|Any CPU = Debug|Any CPU
		Release|Any CPU = Release|Any CPU
	EndGlobalSection
	GlobalSection(ProjectConfigurationPlatforms) = postSolution
		{FDBA7B2B-E972-4E49-9BED-95B9E62129AD}.Debug|Any CPU.ActiveCfg = Debug|Any CPU
		{FDBA7B2B-E972-4E49-9BED-95B9E62129AD}.Debug|Any CPU.Build.0 = Debug|Any CPU
		{FDBA7B2B-E972-4E49-9BED-95B9E62129AD}.Release|Any CPU.ActiveCfg = Release|Any CPU
		{FDBA7B2B-E972-4E49-9BED-95B9E62129AD}.Release|Any CPU.Build.0 = Release|Any CPU
		{3F018F41-A482-4384-9305-09F54AC572C4}.Debug|Any CPU.ActiveCfg = Debug|Any CPU
		{3F018F41-A482-4384-9305-09F54AC572C4}.Debug|Any CPU.Build.0 = Debug|Any CPU
		{3F018F41-A482-4384-9305-09F54AC572C4}.Release|Any CPU.ActiveCfg = Release|Any CPU
		{3F018F41-A482-4384-9305-09F54AC572C4}.Release|Any CPU.Build.0 = Release|Any CPU
		{339633D2-1913-4A2C-A73E-0BC418098B37}.Debug|Any CPU.ActiveCfg = Debug|Any CPU
		{339633D2-1913-4A2C-A73E-0BC418098B37}.Debug|Any CPU.Build.0 = Debug|Any CPU
		{339633D2-1913-4A2C-A73E-0BC418098B37}.Release|Any CPU.ActiveCfg = Release|Any CPU
		{339633D2-1913-4A2C-A73E-0BC418098B37}.Release|Any CPU.Build.0 = Release|Any CPU
	EndGlobalSection
	GlobalSection(SolutionProperties) = preSolution
		HideSolutionNode = FALSE
	EndGlobalSection
	GlobalSection(ExtensibilityGlobals) = postSolution
		EnterpriseLibraryConfigurationToolBinariesPathV6 = packages\EnterpriseLibrary.Common.6.0.1304.0\lib\NET45;packages\EnterpriseLibrary.Logging.6.0.1304.0\lib\NET45
	EndGlobalSection
EndGlobal
